
Microsoft Visual Studio Solution File, Format Version 12.00
# Visual Studio Version 17
VisualStudioVersion = 17.0.31903.59
MinimumVisualStudioVersion = 10.0.40219.1
Project("{2150E333-8FDC-42A3-9474-1A3956D46DE8}") = "src", "src", "{045A6772-0BE8-4B0E-B75D-E2A38F43690E}"
EndProject
Project("{FAE04EC0-301F-11D3-BF4B-00C04F79EFBC}") = "RestFetch.SourceGenerator", "src\RestFetch.SourceGenerator\RestFetch.SourceGenerator.csproj", "{DE6CB16C-F6F0-4EFD-87F3-7247A57A1134}"
EndProject
Project("{FAE04EC0-301F-11D3-BF4B-00C04F79EFBC}") = "RestFetch.Core", "src\RestFetch.Core\RestFetch.Core.csproj", "{036C6215-67C7-4FF5-B56F-39BD0BCE516A}"
EndProject
Project("{FAE04EC0-301F-11D3-BF4B-00C04F79EFBC}") = "RestFetch.WebUtilities", "src\RestFetch.WebUtilities\RestFetch.WebUtilities.csproj", "{0C9E5F3B-9AF7-4698-BF3E-C87C4D1AD62F}"
EndProject
Project("{FAE04EC0-301F-11D3-BF4B-00C04F79EFBC}") = "Benchmark", "src\Benchmark\Benchmark.csproj", "{A99B12F3-0147-4732-86E0-14B675ABECB4}"
EndProject
Project("{FAE04EC0-301F-11D3-BF4B-00C04F79EFBC}") = "RestFetch.Examples", "src\RestFetch.Examples\RestFetch.Examples.csproj", "{B26E1DD2-FA77-4236-BF49-9FB287D226C0}"
EndProject
Project("{FAE04EC0-301F-11D3-BF4B-00C04F79EFBC}") = "RestFetch.Tests", "src\RestFetch.Tests\RestFetch.Tests.csproj", "{6BFCFDEE-3058-4EB8-8216-E1EACCFE772A}"
EndProject
Project("{FAE04EC0-301F-11D3-BF4B-00C04F79EFBC}") = "RestFetch.Common", "src\RestFetch.Common\RestFetch.Common.csproj", "{DB8C81EF-2B17-4018-BA29-DA8FF319A4DE}"
EndProject
Global
	GlobalSection(SolutionConfigurationPlatforms) = preSolution
		Debug|Any CPU = Debug|Any CPU
		Release|Any CPU = Release|Any CPU
	EndGlobalSection
	GlobalSection(SolutionProperties) = preSolution
		HideSolutionNode = FALSE
	EndGlobalSection
	GlobalSection(ProjectConfigurationPlatforms) = postSolution
		{DE6CB16C-F6F0-4EFD-87F3-7247A57A1134}.Debug|Any CPU.ActiveCfg = Debug|Any CPU
		{DE6CB16C-F6F0-4EFD-87F3-7247A57A1134}.Debug|Any CPU.Build.0 = Debug|Any CPU
		{DE6CB16C-F6F0-4EFD-87F3-7247A57A1134}.Release|Any CPU.ActiveCfg = Release|Any CPU
		{DE6CB16C-F6F0-4EFD-87F3-7247A57A1134}.Release|Any CPU.Build.0 = Release|Any CPU
		{036C6215-67C7-4FF5-B56F-39BD0BCE516A}.Debug|Any CPU.ActiveCfg = Debug|Any CPU
		{036C6215-67C7-4FF5-B56F-39BD0BCE516A}.Debug|Any CPU.Build.0 = Debug|Any CPU
		{036C6215-67C7-4FF5-B56F-39BD0BCE516A}.Release|Any CPU.ActiveCfg = Release|Any CPU
		{036C6215-67C7-4FF5-B56F-39BD0BCE516A}.Release|Any CPU.Build.0 = Release|Any CPU
		{0C9E5F3B-9AF7-4698-BF3E-C87C4D1AD62F}.Debug|Any CPU.ActiveCfg = Debug|Any CPU
		{0C9E5F3B-9AF7-4698-BF3E-C87C4D1AD62F}.Debug|Any CPU.Build.0 = Debug|Any CPU
		{0C9E5F3B-9AF7-4698-BF3E-C87C4D1AD62F}.Release|Any CPU.ActiveCfg = Release|Any CPU
		{0C9E5F3B-9AF7-4698-BF3E-C87C4D1AD62F}.Release|Any CPU.Build.0 = Release|Any CPU
		{A99B12F3-0147-4732-86E0-14B675ABECB4}.Debug|Any CPU.ActiveCfg = Debug|Any CPU
		{A99B12F3-0147-4732-86E0-14B675ABECB4}.Debug|Any CPU.Build.0 = Debug|Any CPU
		{A99B12F3-0147-4732-86E0-14B675ABECB4}.Release|Any CPU.ActiveCfg = Release|Any CPU
		{A99B12F3-0147-4732-86E0-14B675ABECB4}.Release|Any CPU.Build.0 = Release|Any CPU
		{B26E1DD2-FA77-4236-BF49-9FB287D226C0}.Debug|Any CPU.ActiveCfg = Debug|Any CPU
		{B26E1DD2-FA77-4236-BF49-9FB287D226C0}.Debug|Any CPU.Build.0 = Debug|Any CPU
		{B26E1DD2-FA77-4236-BF49-9FB287D226C0}.Release|Any CPU.ActiveCfg = Release|Any CPU
		{B26E1DD2-FA77-4236-BF49-9FB287D226C0}.Release|Any CPU.Build.0 = Release|Any CPU
		{6BFCFDEE-3058-4EB8-8216-E1EACCFE772A}.Debug|Any CPU.ActiveCfg = Debug|Any CPU
		{6BFCFDEE-3058-4EB8-8216-E1EACCFE772A}.Debug|Any CPU.Build.0 = Debug|Any CPU
		{6BFCFDEE-3058-4EB8-8216-E1EACCFE772A}.Release|Any CPU.ActiveCfg = Release|Any CPU
		{6BFCFDEE-3058-4EB8-8216-E1EACCFE772A}.Release|Any CPU.Build.0 = Release|Any CPU
		{DB8C81EF-2B17-4018-BA29-DA8FF319A4DE}.Debug|Any CPU.ActiveCfg = Debug|Any CPU
		{DB8C81EF-2B17-4018-BA29-DA8FF319A4DE}.Debug|Any CPU.Build.0 = Debug|Any CPU
		{DB8C81EF-2B17-4018-BA29-DA8FF319A4DE}.Release|Any CPU.ActiveCfg = Release|Any CPU
		{DB8C81EF-2B17-4018-BA29-DA8FF319A4DE}.Release|Any CPU.Build.0 = Release|Any CPU
	EndGlobalSection
	GlobalSection(NestedProjects) = preSolution
		{DE6CB16C-F6F0-4EFD-87F3-7247A57A1134} = {045A6772-0BE8-4B0E-B75D-E2A38F43690E}
		{036C6215-67C7-4FF5-B56F-39BD0BCE516A} = {045A6772-0BE8-4B0E-B75D-E2A38F43690E}
		{0C9E5F3B-9AF7-4698-BF3E-C87C4D1AD62F} = {045A6772-0BE8-4B0E-B75D-E2A38F43690E}
		{A99B12F3-0147-4732-86E0-14B675ABECB4} = {045A6772-0BE8-4B0E-B75D-E2A38F43690E}
		{B26E1DD2-FA77-4236-BF49-9FB287D226C0} = {045A6772-0BE8-4B0E-B75D-E2A38F43690E}
		{6BFCFDEE-3058-4EB8-8216-E1EACCFE772A} = {045A6772-0BE8-4B0E-B75D-E2A38F43690E}
		{DB8C81EF-2B17-4018-BA29-DA8FF319A4DE} = {045A6772-0BE8-4B0E-B75D-E2A38F43690E}
	EndGlobalSection
EndGlobal
